
Microsoft Visual Studio Solution File, Format Version 12.00
# Visual Studio Version 17
VisualStudioVersion = 17.5.33627.172
MinimumVisualStudioVersion = 10.0.40219.1
Project("{9A19103F-16F7-4668-BE54-9A1E7A4F7556}") = "Bulkyweb", "Bulkyweb\Bulkyweb.csproj", "{C5260EEF-FACB-418F-9952-5DCEB5299604}"
EndProject
Project("{FAE04EC0-301F-11D3-BF4B-00C04F79EFBC}") = "Bulky.DataAccess", "Bulky.DataAccess\Bulky.DataAccess.csproj", "{6133E5D0-0B38-4D35-8861-845689D035AB}"
EndProject
Project("{FAE04EC0-301F-11D3-BF4B-00C04F79EFBC}") = "Bulky.Models", "Bulky.Models\Bulky.Models.csproj", "{BBF11E62-F15F-4647-9E41-3F4F1313EA97}"
EndProject
Project("{FAE04EC0-301F-11D3-BF4B-00C04F79EFBC}") = "Bulky.Utility", "Bulky.Utility\Bulky.Utility.csproj", "{7201CC40-C138-42AD-AEE4-C00F5E83F77D}"
EndProject
Global
	GlobalSection(SolutionConfigurationPlatforms) = preSolution
		Debug|Any CPU = Debug|Any CPU
		Release|Any CPU = Release|Any CPU
	EndGlobalSection
	GlobalSection(ProjectConfigurationPlatforms) = postSolution
		{C5260EEF-FACB-418F-9952-5DCEB5299604}.Debug|Any CPU.ActiveCfg = Debug|Any CPU
		{C5260EEF-FACB-418F-9952-5DCEB5299604}.Debug|Any CPU.Build.0 = Debug|Any CPU
		{C5260EEF-FACB-418F-9952-5DCEB5299604}.Release|Any CPU.ActiveCfg = Release|Any CPU
		{C5260EEF-FACB-418F-9952-5DCEB5299604}.Release|Any CPU.Build.0 = Release|Any CPU
		{6133E5D0-0B38-4D35-8861-845689D035AB}.Debug|Any CPU.ActiveCfg = Debug|Any CPU
		{6133E5D0-0B38-4D35-8861-845689D035AB}.Debug|Any CPU.Build.0 = Debug|Any CPU
		{6133E5D0-0B38-4D35-8861-845689D035AB}.Release|Any CPU.ActiveCfg = Release|Any CPU
		{6133E5D0-0B38-4D35-8861-845689D035AB}.Release|Any CPU.Build.0 = Release|Any CPU
		{BBF11E62-F15F-4647-9E41-3F4F1313EA97}.Debug|Any CPU.ActiveCfg = Debug|Any CPU
		{BBF11E62-F15F-4647-9E41-3F4F1313EA97}.Debug|Any CPU.Build.0 = Debug|Any CPU
		{BBF11E62-F15F-4647-9E41-3F4F1313EA97}.Release|Any CPU.ActiveCfg = Release|Any CPU
		{BBF11E62-F15F-4647-9E41-3F4F1313EA97}.Release|Any CPU.Build.0 = Release|Any CPU
		{7201CC40-C138-42AD-AEE4-C00F5E83F77D}.Debug|Any CPU.ActiveCfg = Debug|Any CPU
		{7201CC40-C138-42AD-AEE4-C00F5E83F77D}.Debug|Any CPU.Build.0 = Debug|Any CPU
		{7201CC40-C138-42AD-AEE4-C00F5E83F77D}.Release|Any CPU.ActiveCfg = Release|Any CPU
		{7201CC40-C138-42AD-AEE4-C00F5E83F77D}.Release|Any CPU.Build.0 = Release|Any CPU
	EndGlobalSection
	GlobalSection(SolutionProperties) = preSolution
		HideSolutionNode = FALSE
	EndGlobalSection
	GlobalSection(ExtensibilityGlobals) = postSolution
		SolutionGuid = {4CBFF5D7-2F42-48A1-A048-8358D7A68900}
	EndGlobalSection
EndGlobal
